
Microsoft Visual Studio Solution File, Format Version 12.00
# Visual Studio Version 17
VisualStudioVersion = 17.4.33403.182
MinimumVisualStudioVersion = 10.0.40219.1
Project("{FAE04EC0-301F-11D3-BF4B-00C04F79EFBC}") = "Estate Expert", "Estate Expert.csproj", "{F352EDF8-F39B-4238-A6A5-2345B2CA8BF3}"
EndProject
Global
	GlobalSection(SolutionConfigurationPlatforms) = preSolution
		Debug|Any CPU = Debug|Any CPU
		Release|Any CPU = Release|Any CPU
	EndGlobalSection
	GlobalSection(ProjectConfigurationPlatforms) = postSolution
		{F352EDF8-F39B-4238-A6A5-2345B2CA8BF3}.Debug|Any CPU.ActiveCfg = Debug|Any CPU
		{F352EDF8-F39B-4238-A6A5-2345B2CA8BF3}.Debug|Any CPU.Build.0 = Debug|Any CPU
		{F352EDF8-F39B-4238-A6A5-2345B2CA8BF3}.Release|Any CPU.ActiveCfg = Release|Any CPU
		{F352EDF8-F39B-4238-A6A5-2345B2CA8BF3}.Release|Any CPU.Build.0 = Release|Any CPU
	EndGlobalSection
	GlobalSection(SolutionProperties) = preSolution
		HideSolutionNode = FALSE
	EndGlobalSection
	GlobalSection(ExtensibilityGlobals) = postSolution
		SolutionGuid = {987B5DAB-80CC-4D18-A54B-28060179566C}
	EndGlobalSection
EndGlobal
